
Microsoft Visual Studio Solution File, Format Version 12.00
# Visual Studio Version 16
VisualStudioVersion = 16.0.28902.138
MinimumVisualStudioVersion = 10.0.40219.1
Project("{FAE04EC0-301F-11D3-BF4B-00C04F79EFBC}") = "Ultimate Steam Acount Manager", "Ultimate Steam Acount Manager.csproj", "{991B2414-1BCA-4569-B00E-D9BB275812BF}"
EndProject
Project("{FAE04EC0-301F-11D3-BF4B-00C04F79EFBC}") = "SteamAuth", "SteamAuth\SteamAuth.csproj", "{5AD0934E-F6C4-4AE5-83AF-C788313B2A87}"
EndProject
Project("{8BC9CEB8-8B4A-11D0-8D11-00A0C91BC942}") = "UsamDLL", "UsamDLL\UsamDLL.vcxproj", "{2F64B389-424E-4841-B72D-5F4C4C284014}"
EndProject
Global
	GlobalSection(SolutionConfigurationPlatforms) = preSolution
		Debug|Any CPU = Debug|Any CPU
		Debug|x64 = Debug|x64
		Debug|x86 = Debug|x86
		Release|Any CPU = Release|Any CPU
		Release|x64 = Release|x64
		Release|x86 = Release|x86
		testing|Any CPU = testing|Any CPU
		testing|x64 = testing|x64
		testing|x86 = testing|x86
	EndGlobalSection
	GlobalSection(ProjectConfigurationPlatforms) = postSolution
		{991B2414-1BCA-4569-B00E-D9BB275812BF}.Debug|Any CPU.ActiveCfg = Debug|Any CPU
		{991B2414-1BCA-4569-B00E-D9BB275812BF}.Debug|Any CPU.Build.0 = Debug|Any CPU
		{991B2414-1BCA-4569-B00E-D9BB275812BF}.Debug|x64.ActiveCfg = Debug|Any CPU
		{991B2414-1BCA-4569-B00E-D9BB275812BF}.Debug|x64.Build.0 = Debug|Any CPU
		{991B2414-1BCA-4569-B00E-D9BB275812BF}.Debug|x86.ActiveCfg = Debug|Any CPU
		{991B2414-1BCA-4569-B00E-D9BB275812BF}.Debug|x86.Build.0 = Debug|Any CPU
		{991B2414-1BCA-4569-B00E-D9BB275812BF}.Release|Any CPU.ActiveCfg = Release|Any CPU
		{991B2414-1BCA-4569-B00E-D9BB275812BF}.Release|Any CPU.Build.0 = Release|Any CPU
		{991B2414-1BCA-4569-B00E-D9BB275812BF}.Release|x64.ActiveCfg = Release|Any CPU
		{991B2414-1BCA-4569-B00E-D9BB275812BF}.Release|x64.Build.0 = Release|Any CPU
		{991B2414-1BCA-4569-B00E-D9BB275812BF}.Release|x86.ActiveCfg = Release|Any CPU
		{991B2414-1BCA-4569-B00E-D9BB275812BF}.Release|x86.Build.0 = Release|Any CPU
		{991B2414-1BCA-4569-B00E-D9BB275812BF}.testing|Any CPU.ActiveCfg = Debug|Any CPU
		{991B2414-1BCA-4569-B00E-D9BB275812BF}.testing|Any CPU.Build.0 = Debug|Any CPU
		{991B2414-1BCA-4569-B00E-D9BB275812BF}.testing|x64.ActiveCfg = testing|Any CPU
		{991B2414-1BCA-4569-B00E-D9BB275812BF}.testing|x64.Build.0 = testing|Any CPU
		{991B2414-1BCA-4569-B00E-D9BB275812BF}.testing|x86.ActiveCfg = testing|Any CPU
		{991B2414-1BCA-4569-B00E-D9BB275812BF}.testing|x86.Build.0 = testing|Any CPU
		{5AD0934E-F6C4-4AE5-83AF-C788313B2A87}.Debug|Any CPU.ActiveCfg = Debug|Any CPU
		{5AD0934E-F6C4-4AE5-83AF-C788313B2A87}.Debug|Any CPU.Build.0 = Debug|Any CPU
		{5AD0934E-F6C4-4AE5-83AF-C788313B2A87}.Debug|x64.ActiveCfg = Debug|Any CPU
		{5AD0934E-F6C4-4AE5-83AF-C788313B2A87}.Debug|x64.Build.0 = Debug|Any CPU
		{5AD0934E-F6C4-4AE5-83AF-C788313B2A87}.Debug|x86.ActiveCfg = Debug|Any CPU
		{5AD0934E-F6C4-4AE5-83AF-C788313B2A87}.Debug|x86.Build.0 = Debug|Any CPU
		{5AD0934E-F6C4-4AE5-83AF-C788313B2A87}.Release|Any CPU.ActiveCfg = Release|Any CPU
		{5AD0934E-F6C4-4AE5-83AF-C788313B2A87}.Release|Any CPU.Build.0 = Release|Any CPU
		{5AD0934E-F6C4-4AE5-83AF-C788313B2A87}.Release|x64.ActiveCfg = Release|Any CPU
		{5AD0934E-F6C4-4AE5-83AF-C788313B2A87}.Release|x64.Build.0 = Release|Any CPU
		{5AD0934E-F6C4-4AE5-83AF-C788313B2A87}.Release|x86.ActiveCfg = Release|Any CPU
		{5AD0934E-F6C4-4AE5-83AF-C788313B2A87}.Release|x86.Build.0 = Release|Any CPU
		{5AD0934E-F6C4-4AE5-83AF-C788313B2A87}.testing|Any CPU.ActiveCfg = Debug|Any CPU
		{5AD0934E-F6C4-4AE5-83AF-C788313B2A87}.testing|Any CPU.Build.0 = Debug|Any CPU
		{5AD0934E-F6C4-4AE5-83AF-C788313B2A87}.testing|x64.ActiveCfg = testing|Any CPU
		{5AD0934E-F6C4-4AE5-83AF-C788313B2A87}.testing|x64.Build.0 = testing|Any CPU
		{5AD0934E-F6C4-4AE5-83AF-C788313B2A87}.testing|x86.ActiveCfg = testing|Any CPU
		{5AD0934E-F6C4-4AE5-83AF-C788313B2A87}.testing|x86.Build.0 = testing|Any CPU
		{2F64B389-424E-4841-B72D-5F4C4C284014}.Debug|Any CPU.ActiveCfg = Debug|Win32
		{2F64B389-424E-4841-B72D-5F4C4C284014}.Debug|x64.ActiveCfg = Debug|x64
		{2F64B389-424E-4841-B72D-5F4C4C284014}.Debug|x64.Build.0 = Debug|x64
		{2F64B389-424E-4841-B72D-5F4C4C284014}.Debug|x86.ActiveCfg = Debug|Win32
		{2F64B389-424E-4841-B72D-5F4C4C284014}.Debug|x86.Build.0 = Debug|Win32
		{2F64B389-424E-4841-B72D-5F4C4C284014}.Release|Any CPU.ActiveCfg = Release|Win32
		{2F64B389-424E-4841-B72D-5F4C4C284014}.Release|x64.ActiveCfg = Release|x64
		{2F64B389-424E-4841-B72D-5F4C4C284014}.Release|x64.Build.0 = Release|x64
		{2F64B389-424E-4841-B72D-5F4C4C284014}.Release|x86.ActiveCfg = Release|Win32
		{2F64B389-424E-4841-B72D-5F4C4C284014}.Release|x86.Build.0 = Release|Win32
		{2F64B389-424E-4841-B72D-5F4C4C284014}.testing|Any CPU.ActiveCfg = Release|Win32
		{2F64B389-424E-4841-B72D-5F4C4C284014}.testing|Any CPU.Build.0 = Release|Win32
		{2F64B389-424E-4841-B72D-5F4C4C284014}.testing|x64.ActiveCfg = testing|x64
		{2F64B389-424E-4841-B72D-5F4C4C284014}.testing|x86.ActiveCfg = testing|Win32
	EndGlobalSection
	GlobalSection(SolutionProperties) = preSolution
		HideSolutionNode = FALSE
	EndGlobalSection
	GlobalSection(ExtensibilityGlobals) = postSolution
		SolutionGuid = {139DF825-4ABB-43CC-A09A-12DBA927B08F}
	EndGlobalSection
EndGlobal
